
Microsoft Visual Studio Solution File, Format Version 12.00
# Visual Studio Version 17
VisualStudioVersion = 17.4.33403.182
MinimumVisualStudioVersion = 10.0.40219.1
Project("{9A19103F-16F7-4668-BE54-9A1E7A4F7556}") = "FfmpegEnkoder", "FfmpegEnkoder.csproj", "{86347C2F-AA6A-439C-B041-BEB09AD2FBEF}"
EndProject
Global
	GlobalSection(SolutionConfigurationPlatforms) = preSolution
		Debug|Any CPU = Debug|Any CPU
		Release|Any CPU = Release|Any CPU
	EndGlobalSection
	GlobalSection(ProjectConfigurationPlatforms) = postSolution
		{86347C2F-AA6A-439C-B041-BEB09AD2FBEF}.Debug|Any CPU.ActiveCfg = Debug|Any CPU
		{86347C2F-AA6A-439C-B041-BEB09AD2FBEF}.Debug|Any CPU.Build.0 = Debug|Any CPU
		{86347C2F-AA6A-439C-B041-BEB09AD2FBEF}.Release|Any CPU.ActiveCfg = Release|Any CPU
		{86347C2F-AA6A-439C-B041-BEB09AD2FBEF}.Release|Any CPU.Build.0 = Release|Any CPU
	EndGlobalSection
	GlobalSection(SolutionProperties) = preSolution
		HideSolutionNode = FALSE
	EndGlobalSection
	GlobalSection(ExtensibilityGlobals) = postSolution
		SolutionGuid = {2BF6A421-44B9-49C7-A753-D4616BB7C941}
	EndGlobalSection
EndGlobal
